
Microsoft Visual Studio Solution File, Format Version 12.00
# Visual Studio Version 16
VisualStudioVersion = 16.0.30413.136
MinimumVisualStudioVersion = 10.0.40219.1
Project("{FAE04EC0-301F-11D3-BF4B-00C04F79EFBC}") = "TesteBoletoFacilSDK", "TesteBoletoFacilSDK.csproj", "{7F4A89F7-3F97-4730-90BA-9AB609D214F9}"
EndProject
Project("{FAE04EC0-301F-11D3-BF4B-00C04F79EFBC}") = "BoletoFacilSDK.UsageExample", "..\..\..\Downloads\boletofacil-sdk-net-master\BoletoFacilSDK.UsageExample\BoletoFacilSDK.UsageExample.csproj", "{DA51351F-EA9B-478B-9FE6-E378F4A4712D}"
EndProject
Global
	GlobalSection(SolutionConfigurationPlatforms) = preSolution
		Debug|Any CPU = Debug|Any CPU
		Release|Any CPU = Release|Any CPU
	EndGlobalSection
	GlobalSection(ProjectConfigurationPlatforms) = postSolution
		{7F4A89F7-3F97-4730-90BA-9AB609D214F9}.Debug|Any CPU.ActiveCfg = Debug|Any CPU
		{7F4A89F7-3F97-4730-90BA-9AB609D214F9}.Debug|Any CPU.Build.0 = Debug|Any CPU
		{7F4A89F7-3F97-4730-90BA-9AB609D214F9}.Release|Any CPU.ActiveCfg = Release|Any CPU
		{7F4A89F7-3F97-4730-90BA-9AB609D214F9}.Release|Any CPU.Build.0 = Release|Any CPU
		{DA51351F-EA9B-478B-9FE6-E378F4A4712D}.Debug|Any CPU.ActiveCfg = Debug|Any CPU
		{DA51351F-EA9B-478B-9FE6-E378F4A4712D}.Debug|Any CPU.Build.0 = Debug|Any CPU
		{DA51351F-EA9B-478B-9FE6-E378F4A4712D}.Release|Any CPU.ActiveCfg = Release|Any CPU
		{DA51351F-EA9B-478B-9FE6-E378F4A4712D}.Release|Any CPU.Build.0 = Release|Any CPU
	EndGlobalSection
	GlobalSection(SolutionProperties) = preSolution
		HideSolutionNode = FALSE
	EndGlobalSection
	GlobalSection(ExtensibilityGlobals) = postSolution
		SolutionGuid = {FE935F14-6C01-4CAA-A07A-068670616F77}
	EndGlobalSection
EndGlobal
